<?xml version="1.0" encoding="utf-8"?>
<Project ToolsVersion="4.0" xmlns="http://schemas.microsoft.com/developer/msbuild/2003">
  <ItemGroup>
    <Filter Include="Source Files">
      <UniqueIdentifier>{4FC737F1-C7A5-4376-A066-2A32D752A2FF}</UniqueIdentifier>
      <Extensions>cpp;c;cc;cxx;c++;cppm;ixx;def;odl;idl;hpj;bat;asm;asmx</Extensions>
    </Filter>
    <Filter Include="Header Files">
      <UniqueIdentifier>{93995380-89BD-4b04-88EB-625FBE52EBFB}</UniqueIdentifier>
      <Extensions>h;hh;hpp;hxx;h++;hm;inl;inc;ipp;xsd</Extensions>
    </Filter>
    <Filter Include="Resource Files">
      <UniqueIdentifier>{67DA6AB6-F800-4c08-8B7A-83BB121AAD01}</UniqueIdentifier>
      <Extensions>rc;ico;cur;bmp;dlg;rc2;rct;bin;rgs;gif;jpg;jpeg;jpe;resx;tiff;tif;png;wav;mfcribbon-ms</Extensions>
    </Filter>
  </ItemGroup>
  <ItemGroup>
    <ClCompile Include="main.cpp">
      <Filter>Source Files</Filter>
    </ClCompile>
    <ClCompile Include="Manager.cpp">
      <Filter>Source Files</Filter>
    </ClCompile>
    <ClCompile Include="tools\log.cpp">
      <Filter>Source Files</Filter>
    </ClCompile>
    <ClCompile Include="tools\log_temp.cpp">
      <Filter>Source Files</Filter>
    </ClCompile>
    <ClCompile Include="tools\time.cpp">
      <Filter>Source Files</Filter>
    </ClCompile>
    <ClCompile Include="DumpCDB.cpp">
      <Filter>Source Files</Filter>
    </ClCompile>
    <ClCompile Include="DumpCDBManager.cpp">
      <Filter>Source Files</Filter>
    </ClCompile>
    <ClCompile Include="tools\file.cpp">
      <Filter>Source Files</Filter>
    </ClCompile>
    <ClCompile Include="tools\gui.cpp">
      <Filter>Source Files</Filter>
    </ClCompile>
    <ClCompile Include="CDBDataManager.cpp">
      <Filter>Source Files</Filter>
    </ClCompile>
    <ClCompile Include="DefineDataObject.cpp">
      <Filter>Source Files</Filter>
    </ClCompile>
    <ClCompile Include="IOMDataManager.cpp">
      <Filter>Source Files</Filter>
    </ClCompile>
    <ClCompile Include="AbstractDataManager.cpp">
      <Filter>Source Files</Filter>
    </ClCompile>
    <ClCompile Include="DumpHisManager.cpp">
      <Filter>Source Files</Filter>
    </ClCompile>
    <ClCompile Include="DumpHis.cpp">
      <Filter>Source Files</Filter>
    </ClCompile>
    <ClCompile Include="SourceDataManager.cpp">
      <Filter>Source Files</Filter>
    </ClCompile>
    <ClCompile Include="SourceData.cpp">
      <Filter>Source Files</Filter>
    </ClCompile>
    <ClCompile Include="PrepareDataManager.cpp">
      <Filter>Source Files</Filter>
    </ClCompile>
    <ClCompile Include="JSONExportManager.cpp">
      <Filter>Source Files</Filter>
    </ClCompile>
  </ItemGroup>
  <ItemGroup>
    <ClInclude Include="Manager.h">
      <Filter>Header Files</Filter>
    </ClInclude>
    <ClInclude Include="tools\log.h">
      <Filter>Header Files</Filter>
    </ClInclude>
    <ClInclude Include="tools\time.h">
      <Filter>Header Files</Filter>
    </ClInclude>
    <ClInclude Include="tools\tls.h">
      <Filter>Header Files</Filter>
    </ClInclude>
    <ClInclude Include="DumpCDB.h">
      <Filter>Header Files</Filter>
    </ClInclude>
    <ClInclude Include="DumpCDBManager.h">
      <Filter>Header Files</Filter>
    </ClInclude>
    <ClInclude Include="tools\file.h">
      <Filter>Header Files</Filter>
    </ClInclude>
    <ClInclude Include="tools\gui.h">
      <Filter>Header Files</Filter>
    </ClInclude>
    <ClInclude Include="CDBDataManager.h">
      <Filter>Header Files</Filter>
    </ClInclude>
    <ClInclude Include="DefineDataObject.h">
      <Filter>Header Files</Filter>
    </ClInclude>
    <ClInclude Include="IOMDataManager.h">
      <Filter>Header Files</Filter>
    </ClInclude>
    <ClInclude Include="AbstractDataManager.h">
      <Filter>Header Files</Filter>
    </ClInclude>
    <ClInclude Include="DumpHisManager.h">
      <Filter>Header Files</Filter>
    </ClInclude>
    <ClInclude Include="DumpHis.h">
      <Filter>Header Files</Filter>
    </ClInclude>
    <ClInclude Include="SourceDataManager.h">
      <Filter>Header Files</Filter>
    </ClInclude>
    <ClInclude Include="SourceData.h">
      <Filter>Header Files</Filter>
    </ClInclude>
    <ClInclude Include="UnitInfoData.h">
      <Filter>Header Files</Filter>
    </ClInclude>
    <ClInclude Include="PrepareDataManager.h">
      <Filter>Header Files</Filter>
    </ClInclude>
    <ClInclude Include="FunctionData.h">
      <Filter>Header Files</Filter>
    </ClInclude>
    <ClInclude Include="JSONExportManager.h">
      <Filter>Header Files</Filter>
    </ClInclude>
    <ClInclude Include="nlohmann\json.hpp">
      <Filter>Header Files</Filter>
    </ClInclude>
  </ItemGroup>
</Project>